
Microsoft Visual Studio Solution File, Format Version 12.00
# Visual Studio Version 16
VisualStudioVersion = 16.0.29102.190
MinimumVisualStudioVersion = 10.0.40219.1
Project("{FAE04EC0-301F-11D3-BF4B-00C04F79EFBC}") = "SalesWebMVC", "SalesWebMVC\SalesWebMVC.csproj", "{72B065D9-C94C-472B-8F9D-C7E8CAEAC9D5}"
EndProject
Global
	GlobalSection(SolutionConfigurationPlatforms) = preSolution
		Debug|Any CPU = Debug|Any CPU
		Release|Any CPU = Release|Any CPU
	EndGlobalSection
	GlobalSection(ProjectConfigurationPlatforms) = postSolution
		{72B065D9-C94C-472B-8F9D-C7E8CAEAC9D5}.Debug|Any CPU.ActiveCfg = Debug|Any CPU
		{72B065D9-C94C-472B-8F9D-C7E8CAEAC9D5}.Debug|Any CPU.Build.0 = Debug|Any CPU
		{72B065D9-C94C-472B-8F9D-C7E8CAEAC9D5}.Release|Any CPU.ActiveCfg = Release|Any CPU
		{72B065D9-C94C-472B-8F9D-C7E8CAEAC9D5}.Release|Any CPU.Build.0 = Release|Any CPU
	EndGlobalSection
	GlobalSection(SolutionProperties) = preSolution
		HideSolutionNode = FALSE
	EndGlobalSection
	GlobalSection(ExtensibilityGlobals) = postSolution
		SolutionGuid = {0F84FB96-FED7-4C25-862D-0EA9B92D24F9}
	EndGlobalSection
EndGlobal
